
Microsoft Visual Studio Solution File, Format Version 12.00
# Visual Studio Version 17
VisualStudioVersion = 17.11.35327.3
MinimumVisualStudioVersion = 10.0.40219.1
Project("{FAE04EC0-301F-11D3-BF4B-00C04F79EFBC}") = "My Database Management System", "My Database Management System.csproj", "{99671E47-0BD8-4D01-BAFF-E87B66E3530E}"
EndProject
Project("{FAE04EC0-301F-11D3-BF4B-00C04F79EFBC}") = "My DB Management System", "..\My DB Management System\My DB Management System.csproj", "{C31682BC-99AF-490F-8BC2-393D379B4C8D}"
EndProject
Project("{FAE04EC0-301F-11D3-BF4B-00C04F79EFBC}") = "My DataBase Query Stuff", "..\My DataBase Query Stuff\My DataBase Query Stuff.csproj", "{AF28D106-2368-44F3-8AF5-7D3191B35BED}"
EndProject
Global
	GlobalSection(SolutionConfigurationPlatforms) = preSolution
		Debug|Any CPU = Debug|Any CPU
		Release|Any CPU = Release|Any CPU
	EndGlobalSection
	GlobalSection(ProjectConfigurationPlatforms) = postSolution
		{99671E47-0BD8-4D01-BAFF-E87B66E3530E}.Debug|Any CPU.ActiveCfg = Debug|Any CPU
		{99671E47-0BD8-4D01-BAFF-E87B66E3530E}.Debug|Any CPU.Build.0 = Debug|Any CPU
		{99671E47-0BD8-4D01-BAFF-E87B66E3530E}.Release|Any CPU.ActiveCfg = Release|Any CPU
		{99671E47-0BD8-4D01-BAFF-E87B66E3530E}.Release|Any CPU.Build.0 = Release|Any CPU
		{C31682BC-99AF-490F-8BC2-393D379B4C8D}.Debug|Any CPU.ActiveCfg = Debug|Any CPU
		{C31682BC-99AF-490F-8BC2-393D379B4C8D}.Debug|Any CPU.Build.0 = Debug|Any CPU
		{C31682BC-99AF-490F-8BC2-393D379B4C8D}.Release|Any CPU.ActiveCfg = Release|Any CPU
		{C31682BC-99AF-490F-8BC2-393D379B4C8D}.Release|Any CPU.Build.0 = Release|Any CPU
		{AF28D106-2368-44F3-8AF5-7D3191B35BED}.Debug|Any CPU.ActiveCfg = Debug|Any CPU
		{AF28D106-2368-44F3-8AF5-7D3191B35BED}.Debug|Any CPU.Build.0 = Debug|Any CPU
		{AF28D106-2368-44F3-8AF5-7D3191B35BED}.Release|Any CPU.ActiveCfg = Release|Any CPU
		{AF28D106-2368-44F3-8AF5-7D3191B35BED}.Release|Any CPU.Build.0 = Release|Any CPU
	EndGlobalSection
	GlobalSection(SolutionProperties) = preSolution
		HideSolutionNode = FALSE
	EndGlobalSection
	GlobalSection(ExtensibilityGlobals) = postSolution
		SolutionGuid = {9F166157-C5FD-4210-9DD2-CB311F6DBC7E}
	EndGlobalSection
EndGlobal
